// !$*UTF8*$!
{
	archiveVersion = 1;
	classes = {
	};
	objectVersion = 56;
	objects = {

/* Begin PBXBuildFile section */
		A10000000000000000000001 /* DolphinDeckApp.swift in Sources */ = {isa = PBXBuildFile; fileRef = B10000000000000000000001 /* DolphinDeckApp.swift */; };
		A10000000000000000000002 /* FlipperModels.swift in Sources */ = {isa = PBXBuildFile; fileRef = B10000000000000000000002 /* FlipperModels.swift */; };
		A10000000000000000000003 /* FlipperBluetoothManager.swift in Sources */ = {isa = PBXBuildFile; fileRef = B10000000000000000000003 /* FlipperBluetoothManager.swift */; };
		A10000000000000000000004 /* RootView.swift in Sources */ = {isa = PBXBuildFile; fileRef = B10000000000000000000004 /* RootView.swift */; };
		A10000000000000000000005 /* DashboardView.swift in Sources */ = {isa = PBXBuildFile; fileRef = B10000000000000000000005 /* DashboardView.swift */; };
		A10000000000000000000006 /* DevicesView.swift in Sources */ = {isa = PBXBuildFile; fileRef = B10000000000000000000006 /* DevicesView.swift */; };
		A10000000000000000000007 /* AutomationsView.swift in Sources */ = {isa = PBXBuildFile; fileRef = B10000000000000000000007 /* AutomationsView.swift */; };
		A10000000000000000000008 /* SettingsView.swift in Sources */ = {isa = PBXBuildFile; fileRef = B10000000000000000000008 /* SettingsView.swift */; };
		A10000000000000000000009 /* FlipperIntents.swift in Sources */ = {isa = PBXBuildFile; fileRef = B10000000000000000000009 /* FlipperIntents.swift */; };
		A1000000000000000000000A /* Peripheral in Frameworks */ = {isa = PBXBuildFile; productRef = G10000000000000000000002 /* Peripheral */; };
		A1000000000000000000000B /* RemoteControlView.swift in Sources */ = {isa = PBXBuildFile; fileRef = B1000000000000000000000C /* RemoteControlView.swift */; };
		A1000000000000000000000C /* DeviceInfoView.swift in Sources */ = {isa = PBXBuildFile; fileRef = B1000000000000000000000D /* DeviceInfoView.swift */; };
		A1000000000000000000000D /* FileFavoritesView.swift in Sources */ = {isa = PBXBuildFile; fileRef = B1000000000000000000000E /* FileFavoritesView.swift */; };
		A1000000000000000000000E /* FileManagerView.swift in Sources */ = {isa = PBXBuildFile; fileRef = B1000000000000000000000F /* FileManagerView.swift */; };
		A1000000000000000000000F /* MoreView.swift in Sources */ = {isa = PBXBuildFile; fileRef = B10000000000000000000010 /* MoreView.swift */; };
		A10000000000000000000010 /* FavoritesBackupView.swift in Sources */ = {isa = PBXBuildFile; fileRef = B10000000000000000000011 /* FavoritesBackupView.swift */; };
		A10000000000000000000011 /* FilePreviewEditorView.swift in Sources */ = {isa = PBXBuildFile; fileRef = B10000000000000000000012 /* FilePreviewEditorView.swift */; };
		A10000000000000000000012 /* FAPInstallerView.swift in Sources */ = {isa = PBXBuildFile; fileRef = B10000000000000000000013 /* FAPInstallerView.swift */; };
		A20000000000000000000001 /* DolphinDeckWidget.swift in Sources */ = {isa = PBXBuildFile; fileRef = B20000000000000000000001 /* DolphinDeckWidget.swift */; };
		A20000000000000000000002 /* DolphinDeckWidget.appex in Embed App Extensions */ = {isa = PBXBuildFile; fileRef = B20000000000000000000004 /* DolphinDeckWidget.appex */; settings = {ATTRIBUTES = (RemoveHeadersOnCopy, ); }; };
		A10000000000000000000014 /* Assets.xcassets in Resources */ = {isa = PBXBuildFile; fileRef = B10000000000000000000015 /* Assets.xcassets */; };
		A10000000000000000000015 /* UFBTBuilderView.swift in Sources */ = {isa = PBXBuildFile; fileRef = B10000000000000000000016 /* UFBTBuilderView.swift */; };
		A10000000000000000000016 /* DolphinDeckBridgeView.swift in Sources */ = {isa = PBXBuildFile; fileRef = B10000000000000000000017 /* DolphinDeckBridgeView.swift */; };
/* End PBXBuildFile section */

/* Begin PBXContainerItemProxy section */
		A20000000000000000000003 /* PBXContainerItemProxy */ = {
			isa = PBXContainerItemProxy;
			containerPortal = E10000000000000000000002 /* Project object */;
			proxyType = 1;
			remoteGlobalIDString = E20000000000000000000001;
			remoteInfo = DolphinDeckWidget;
		};
/* End PBXContainerItemProxy section */

/* Begin PBXCopyFilesBuildPhase section */
		C20000000000000000000004 /* Embed App Extensions */ = {
			isa = PBXCopyFilesBuildPhase;
			buildActionMask = 2147483647;
			dstPath = "";
			dstSubfolderSpec = 13;
			files = (
				A20000000000000000000002 /* DolphinDeckWidget.appex in Embed App Extensions */,
			);
			name = "Embed App Extensions";
			runOnlyForDeploymentPostprocessing = 0;
		};
/* End PBXCopyFilesBuildPhase section */

/* Begin PBXFileReference section */
		B10000000000000000000001 /* DolphinDeckApp.swift */ = {isa = PBXFileReference; lastKnownFileType = sourcecode.swift; path = DolphinDeckApp.swift; sourceTree = "<group>"; };
		B10000000000000000000002 /* FlipperModels.swift */ = {isa = PBXFileReference; lastKnownFileType = sourcecode.swift; path = FlipperModels.swift; sourceTree = "<group>"; };
		B10000000000000000000003 /* FlipperBluetoothManager.swift */ = {isa = PBXFileReference; lastKnownFileType = sourcecode.swift; path = FlipperBluetoothManager.swift; sourceTree = "<group>"; };
		B10000000000000000000004 /* RootView.swift */ = {isa = PBXFileReference; lastKnownFileType = sourcecode.swift; path = RootView.swift; sourceTree = "<group>"; };
		B10000000000000000000005 /* DashboardView.swift */ = {isa = PBXFileReference; lastKnownFileType = sourcecode.swift; path = DashboardView.swift; sourceTree = "<group>"; };
		B10000000000000000000006 /* DevicesView.swift */ = {isa = PBXFileReference; lastKnownFileType = sourcecode.swift; path = DevicesView.swift; sourceTree = "<group>"; };
		B10000000000000000000007 /* AutomationsView.swift */ = {isa = PBXFileReference; lastKnownFileType = sourcecode.swift; path = AutomationsView.swift; sourceTree = "<group>"; };
		B10000000000000000000008 /* SettingsView.swift */ = {isa = PBXFileReference; lastKnownFileType = sourcecode.swift; path = SettingsView.swift; sourceTree = "<group>"; };
		B10000000000000000000009 /* FlipperIntents.swift */ = {isa = PBXFileReference; lastKnownFileType = sourcecode.swift; path = FlipperIntents.swift; sourceTree = "<group>"; };
		B1000000000000000000000A /* Info.plist */ = {isa = PBXFileReference; lastKnownFileType = text.plist.xml; path = Info.plist; sourceTree = "<group>"; };
		B1000000000000000000000B /* Dolphin Deck.app */ = {isa = PBXFileReference; explicitFileType = wrapper.application; includeInIndex = 0; path = "Dolphin Deck.app"; sourceTree = BUILT_PRODUCTS_DIR; };
		B1000000000000000000000C /* RemoteControlView.swift */ = {isa = PBXFileReference; lastKnownFileType = sourcecode.swift; path = RemoteControlView.swift; sourceTree = "<group>"; };
		B1000000000000000000000D /* DeviceInfoView.swift */ = {isa = PBXFileReference; lastKnownFileType = sourcecode.swift; path = DeviceInfoView.swift; sourceTree = "<group>"; };
		B1000000000000000000000E /* FileFavoritesView.swift */ = {isa = PBXFileReference; lastKnownFileType = sourcecode.swift; path = FileFavoritesView.swift; sourceTree = "<group>"; };
		B1000000000000000000000F /* FileManagerView.swift */ = {isa = PBXFileReference; lastKnownFileType = sourcecode.swift; path = FileManagerView.swift; sourceTree = "<group>"; };
		B10000000000000000000010 /* MoreView.swift */ = {isa = PBXFileReference; lastKnownFileType = sourcecode.swift; path = MoreView.swift; sourceTree = "<group>"; };
		B10000000000000000000011 /* FavoritesBackupView.swift */ = {isa = PBXFileReference; lastKnownFileType = sourcecode.swift; path = FavoritesBackupView.swift; sourceTree = "<group>"; };
		B10000000000000000000012 /* FilePreviewEditorView.swift */ = {isa = PBXFileReference; lastKnownFileType = sourcecode.swift; path = FilePreviewEditorView.swift; sourceTree = "<group>"; };
		B10000000000000000000013 /* FAPInstallerView.swift */ = {isa = PBXFileReference; lastKnownFileType = sourcecode.swift; path = FAPInstallerView.swift; sourceTree = "<group>"; };
		B20000000000000000000001 /* DolphinDeckWidget.swift */ = {isa = PBXFileReference; lastKnownFileType = sourcecode.swift; path = DolphinDeckWidget.swift; sourceTree = "<group>"; };
		B20000000000000000000002 /* Info.plist */ = {isa = PBXFileReference; lastKnownFileType = text.plist.xml; path = Info.plist; sourceTree = "<group>"; };
		B20000000000000000000003 /* DolphinDeckWidget.entitlements */ = {isa = PBXFileReference; lastKnownFileType = text.plist.entitlements; path = DolphinDeckWidget.entitlements; sourceTree = "<group>"; };
		B20000000000000000000004 /* DolphinDeckWidget.appex */ = {isa = PBXFileReference; explicitFileType = "wrapper.app-extension"; includeInIndex = 0; path = DolphinDeckWidget.appex; sourceTree = BUILT_PRODUCTS_DIR; };
		B10000000000000000000015 /* Assets.xcassets */ = {isa = PBXFileReference; lastKnownFileType = folder.assetcatalog; path = Assets.xcassets; sourceTree = "<group>"; };
		B10000000000000000000016 /* UFBTBuilderView.swift */ = {isa = PBXFileReference; lastKnownFileType = sourcecode.swift; path = UFBTBuilderView.swift; sourceTree = "<group>"; };
		B10000000000000000000017 /* DolphinDeckBridgeView.swift */ = {isa = PBXFileReference; lastKnownFileType = sourcecode.swift; path = DolphinDeckBridgeView.swift; sourceTree = "<group>"; };
/* End PBXFileReference section */

/* Begin PBXFrameworksBuildPhase section */
		C10000000000000000000001 /* Frameworks */ = {
			isa = PBXFrameworksBuildPhase;
			buildActionMask = 2147483647;
			files = (
				A1000000000000000000000A /* Peripheral in Frameworks */,
			);
			runOnlyForDeploymentPostprocessing = 0;
		};
		C20000000000000000000002 /* Frameworks */ = {
			isa = PBXFrameworksBuildPhase;
			buildActionMask = 2147483647;
			files = (
			);
			runOnlyForDeploymentPostprocessing = 0;
		};
/* End PBXFrameworksBuildPhase section */

/* Begin PBXGroup section */
		D10000000000000000000001 = {
			isa = PBXGroup;
			children = (
				D10000000000000000000002 /* DolphinDeck */,
				D20000000000000000000001 /* DolphinDeckWidget */,
				D10000000000000000000008 /* Products */,
			);
			sourceTree = "<group>";
		};
		D10000000000000000000002 /* DolphinDeck */ = {
			isa = PBXGroup;
			children = (
				D10000000000000000000003 /* App */,
				D10000000000000000000004 /* Models */,
				D10000000000000000000005 /* Services */,
				D10000000000000000000006 /* Views */,
				D10000000000000000000007 /* Intents */,
				B1000000000000000000000A /* Info.plist */,
				B10000000000000000000015 /* Assets.xcassets */,
			);
			path = DolphinDeck;
			sourceTree = "<group>";
		};
		D10000000000000000000003 /* App */ = {
			isa = PBXGroup;
			children = (
				B10000000000000000000001 /* DolphinDeckApp.swift */,
			);
			path = App;
			sourceTree = "<group>";
		};
		D10000000000000000000004 /* Models */ = {
			isa = PBXGroup;
			children = (
				B10000000000000000000002 /* FlipperModels.swift */,
			);
			path = Models;
			sourceTree = "<group>";
		};
		D10000000000000000000005 /* Services */ = {
			isa = PBXGroup;
			children = (
				B10000000000000000000003 /* FlipperBluetoothManager.swift */,
			);
			path = Services;
			sourceTree = "<group>";
		};
		D10000000000000000000006 /* Views */ = {
			isa = PBXGroup;
			children = (
				B10000000000000000000004 /* RootView.swift */,
				B10000000000000000000005 /* DashboardView.swift */,
				B10000000000000000000006 /* DevicesView.swift */,
				B10000000000000000000007 /* AutomationsView.swift */,
				B10000000000000000000008 /* SettingsView.swift */,
				B1000000000000000000000C /* RemoteControlView.swift */,
				B1000000000000000000000D /* DeviceInfoView.swift */,
				B1000000000000000000000E /* FileFavoritesView.swift */,
				B1000000000000000000000F /* FileManagerView.swift */,
				B10000000000000000000010 /* MoreView.swift */,
				B10000000000000000000011 /* FavoritesBackupView.swift */,
				B10000000000000000000012 /* FilePreviewEditorView.swift */,
				B10000000000000000000013 /* FAPInstallerView.swift */,
				B10000000000000000000016 /* UFBTBuilderView.swift */,
				B10000000000000000000017 /* DolphinDeckBridgeView.swift */,
			);
			path = Views;
			sourceTree = "<group>";
		};
		D10000000000000000000007 /* Intents */ = {
			isa = PBXGroup;
			children = (
				B10000000000000000000009 /* FlipperIntents.swift */,
			);
			path = Intents;
			sourceTree = "<group>";
		};
		D10000000000000000000008 /* Products */ = {
			isa = PBXGroup;
			children = (
				B1000000000000000000000B /* Dolphin Deck.app */,
				B20000000000000000000004 /* DolphinDeckWidget.appex */,
			);
			name = Products;
			sourceTree = "<group>";
		};
		D20000000000000000000001 /* DolphinDeckWidget */ = {
			isa = PBXGroup;
			children = (
				B20000000000000000000001 /* DolphinDeckWidget.swift */,
				B20000000000000000000002 /* Info.plist */,
				B20000000000000000000003 /* DolphinDeckWidget.entitlements */,
			);
			path = DolphinDeckWidget;
			sourceTree = "<group>";
		};
/* End PBXGroup section */

/* Begin PBXNativeTarget section */
		E10000000000000000000001 /* DolphinDeck */ = {
			isa = PBXNativeTarget;
			buildConfigurationList = F10000000000000000000002 /* Build configuration list for PBXNativeTarget "DolphinDeck" */;
			buildPhases = (
				C10000000000000000000002 /* Sources */,
				C10000000000000000000001 /* Frameworks */,
				C10000000000000000000003 /* Resources */,
				C20000000000000000000004 /* Embed App Extensions */,
			);
			buildRules = (
			);
			dependencies = (
				E20000000000000000000002 /* PBXTargetDependency */,
			);
			name = DolphinDeck;
			packageProductDependencies = (
				G10000000000000000000002 /* Peripheral */,
			);
			productName = DolphinDeck;
			productReference = B1000000000000000000000B /* Dolphin Deck.app */;
			productType = "com.apple.product-type.application";
		};
		E20000000000000000000001 /* DolphinDeckWidget */ = {
			isa = PBXNativeTarget;
			buildConfigurationList = F10000000000000000000003 /* Build configuration list for PBXNativeTarget "DolphinDeckWidget" */;
			buildPhases = (
				C20000000000000000000001 /* Sources */,
				C20000000000000000000002 /* Frameworks */,
				C20000000000000000000003 /* Resources */,
			);
			buildRules = (
			);
			dependencies = (
			);
			name = DolphinDeckWidget;
			packageProductDependencies = (
			);
			productName = DolphinDeckWidget;
			productReference = B20000000000000000000004 /* DolphinDeckWidget.appex */;
			productType = "com.apple.product-type.app-extension";
		};
/* End PBXNativeTarget section */

/* Begin PBXProject section */
		E10000000000000000000002 /* Project object */ = {
			isa = PBXProject;
			attributes = {
				BuildIndependentTargetsInParallel = 1;
				LastSwiftUpdateCheck = 2650;
				LastUpgradeCheck = 2650;
				TargetAttributes = {
					E10000000000000000000001 = {
						CreatedOnToolsVersion = 26.5;
					};
					E20000000000000000000001 = {
						CreatedOnToolsVersion = 26.5;
					};
				};
			};
			buildConfigurationList = F10000000000000000000001 /* Build configuration list for PBXProject "DolphinDeck" */;
			compatibilityVersion = "Xcode 14.0";
			developmentRegion = de;
			hasScannedForEncodings = 0;
			knownRegions = (
				de,
				en,
				Base,
			);
			mainGroup = D10000000000000000000001;
			productRefGroup = D10000000000000000000008 /* Products */;
			packageReferences = (
				G10000000000000000000001 /* XCLocalSwiftPackageReference "Packages/Peripheral" */,
			);
			projectDirPath = "";
			projectRoot = "";
			targets = (
				E10000000000000000000001 /* DolphinDeck */,
				E20000000000000000000001 /* DolphinDeckWidget */,
			);
		};
/* End PBXProject section */

/* Begin PBXResourcesBuildPhase section */
		C10000000000000000000003 /* Resources */ = {
			isa = PBXResourcesBuildPhase;
			buildActionMask = 2147483647;
			files = (
				A10000000000000000000014 /* Assets.xcassets in Resources */,
			);
			runOnlyForDeploymentPostprocessing = 0;
		};
		C20000000000000000000003 /* Resources */ = {
			isa = PBXResourcesBuildPhase;
			buildActionMask = 2147483647;
			files = (
			);
			runOnlyForDeploymentPostprocessing = 0;
		};
/* End PBXResourcesBuildPhase section */

/* Begin PBXSourcesBuildPhase section */
		C10000000000000000000002 /* Sources */ = {
			isa = PBXSourcesBuildPhase;
			buildActionMask = 2147483647;
			files = (
				A10000000000000000000001 /* DolphinDeckApp.swift in Sources */,
				A10000000000000000000002 /* FlipperModels.swift in Sources */,
				A10000000000000000000003 /* FlipperBluetoothManager.swift in Sources */,
				A10000000000000000000004 /* RootView.swift in Sources */,
				A10000000000000000000005 /* DashboardView.swift in Sources */,
				A10000000000000000000006 /* DevicesView.swift in Sources */,
				A10000000000000000000007 /* AutomationsView.swift in Sources */,
				A10000000000000000000008 /* SettingsView.swift in Sources */,
				A10000000000000000000009 /* FlipperIntents.swift in Sources */,
				A1000000000000000000000B /* RemoteControlView.swift in Sources */,
				A1000000000000000000000C /* DeviceInfoView.swift in Sources */,
				A1000000000000000000000D /* FileFavoritesView.swift in Sources */,
				A1000000000000000000000E /* FileManagerView.swift in Sources */,
				A1000000000000000000000F /* MoreView.swift in Sources */,
				A10000000000000000000010 /* FavoritesBackupView.swift in Sources */,
				A10000000000000000000011 /* FilePreviewEditorView.swift in Sources */,
				A10000000000000000000012 /* FAPInstallerView.swift in Sources */,
				A10000000000000000000015 /* UFBTBuilderView.swift in Sources */,
				A10000000000000000000016 /* DolphinDeckBridgeView.swift in Sources */,
			);
			runOnlyForDeploymentPostprocessing = 0;
		};
		C20000000000000000000001 /* Sources */ = {
			isa = PBXSourcesBuildPhase;
			buildActionMask = 2147483647;
			files = (
				A20000000000000000000001 /* DolphinDeckWidget.swift in Sources */,
			);
			runOnlyForDeploymentPostprocessing = 0;
		};
/* End PBXSourcesBuildPhase section */

/* Begin PBXTargetDependency section */
		E20000000000000000000002 /* PBXTargetDependency */ = {
			isa = PBXTargetDependency;
			target = E20000000000000000000001 /* DolphinDeckWidget */;
			targetProxy = A20000000000000000000003 /* PBXContainerItemProxy */;
		};
/* End PBXTargetDependency section */

/* Begin XCBuildConfiguration section */
		F20000000000000000000001 /* Debug */ = {
			isa = XCBuildConfiguration;
			buildSettings = {
				ALWAYS_SEARCH_USER_PATHS = NO;
				CLANG_ANALYZER_NONNULL = YES;
				CLANG_ENABLE_MODULES = YES;
				CLANG_ENABLE_OBJC_ARC = YES;
				DEBUG_INFORMATION_FORMAT = dwarf;
				ENABLE_TESTABILITY = YES;
				GCC_C_LANGUAGE_STANDARD = gnu17;
				GCC_OPTIMIZATION_LEVEL = 0;
				ONLY_ACTIVE_ARCH = YES;
				SDKROOT = iphoneos;
				SWIFT_ACTIVE_COMPILATION_CONDITIONS = "DEBUG $(inherited)";
				SWIFT_OPTIMIZATION_LEVEL = "-Onone";
			};
			name = Debug;
		};
		F20000000000000000000002 /* Release */ = {
			isa = XCBuildConfiguration;
			buildSettings = {
				ALWAYS_SEARCH_USER_PATHS = NO;
				CLANG_ANALYZER_NONNULL = YES;
				CLANG_ENABLE_MODULES = YES;
				CLANG_ENABLE_OBJC_ARC = YES;
				DEBUG_INFORMATION_FORMAT = "dwarf-with-dsym";
				ENABLE_NS_ASSERTIONS = NO;
				GCC_C_LANGUAGE_STANDARD = gnu17;
				SDKROOT = iphoneos;
				SWIFT_COMPILATION_MODE = wholemodule;
				SWIFT_OPTIMIZATION_LEVEL = "-O";
				VALIDATE_PRODUCT = YES;
			};
			name = Release;
		};
		F20000000000000000000003 /* Debug */ = {
			isa = XCBuildConfiguration;
			buildSettings = {
				ASSETCATALOG_COMPILER_APPICON_NAME = AppIcon;
				CODE_SIGN_ENTITLEMENTS = DolphinDeck/DolphinDeck.entitlements;
				CODE_SIGN_STYLE = Automatic;
				COPY_PHASE_STRIP = NO;
				CURRENT_PROJECT_VERSION = 6;
				DEVELOPMENT_TEAM = 4F86GMYRXN;
				ENABLE_PREVIEWS = YES;
				GENERATE_INFOPLIST_FILE = NO;
				INFOPLIST_FILE = DolphinDeck/Info.plist;
				IPHONEOS_DEPLOYMENT_TARGET = 17.0;
				LD_RUNPATH_SEARCH_PATHS = (
					"$(inherited)",
					"@executable_path/Frameworks",
				);
				MARKETING_VERSION = 1.1.0;
				PRODUCT_BUNDLE_IDENTIFIER = de.lukasleipacher.DolphinDeck;
				PRODUCT_NAME = "Dolphin Deck";
				SUPPORTED_PLATFORMS = "iphoneos iphonesimulator";
				SUPPORTS_MACCATALYST = NO;
				SWIFT_EMIT_LOC_STRINGS = YES;
				SWIFT_VERSION = 6.0;
				TARGETED_DEVICE_FAMILY = "1,2";
			};
			name = Debug;
		};
		F20000000000000000000004 /* Release */ = {
			isa = XCBuildConfiguration;
			buildSettings = {
				ASSETCATALOG_COMPILER_APPICON_NAME = AppIcon;
				CODE_SIGN_ENTITLEMENTS = DolphinDeck/DolphinDeck.entitlements;
				CODE_SIGN_STYLE = Automatic;
				COPY_PHASE_STRIP = NO;
				CURRENT_PROJECT_VERSION = 6;
				DEVELOPMENT_TEAM = 4F86GMYRXN;
				ENABLE_PREVIEWS = YES;
				GENERATE_INFOPLIST_FILE = NO;
				INFOPLIST_FILE = DolphinDeck/Info.plist;
				IPHONEOS_DEPLOYMENT_TARGET = 17.0;
				LD_RUNPATH_SEARCH_PATHS = (
					"$(inherited)",
					"@executable_path/Frameworks",
				);
				MARKETING_VERSION = 1.1.0;
				PRODUCT_BUNDLE_IDENTIFIER = de.lukasleipacher.DolphinDeck;
				PRODUCT_NAME = "Dolphin Deck";
				SUPPORTED_PLATFORMS = "iphoneos iphonesimulator";
				SUPPORTS_MACCATALYST = NO;
				SWIFT_EMIT_LOC_STRINGS = YES;
				SWIFT_VERSION = 6.0;
				TARGETED_DEVICE_FAMILY = "1,2";
			};
			name = Release;
		};
		F20000000000000000000005 /* Debug */ = {
			isa = XCBuildConfiguration;
			buildSettings = {
				APPLICATION_EXTENSION_API_ONLY = YES;
				CODE_SIGN_ENTITLEMENTS = DolphinDeckWidget/DolphinDeckWidget.entitlements;
				CODE_SIGN_STYLE = Automatic;
				COPY_PHASE_STRIP = NO;
				CURRENT_PROJECT_VERSION = 6;
				DEVELOPMENT_TEAM = 4F86GMYRXN;
				GENERATE_INFOPLIST_FILE = NO;
				INFOPLIST_FILE = DolphinDeckWidget/Info.plist;
				IPHONEOS_DEPLOYMENT_TARGET = 17.0;
				LD_RUNPATH_SEARCH_PATHS = (
					"$(inherited)",
					"@executable_path/Frameworks",
					"@executable_path/../../Frameworks",
				);
				MARKETING_VERSION = 1.1.0;
				PRODUCT_BUNDLE_IDENTIFIER = de.lukasleipacher.DolphinDeck.Widget;
				PRODUCT_NAME = "$(TARGET_NAME)";
				SKIP_INSTALL = YES;
				SUPPORTED_PLATFORMS = "iphoneos iphonesimulator";
				SWIFT_EMIT_LOC_STRINGS = YES;
				SWIFT_VERSION = 6.0;
				TARGETED_DEVICE_FAMILY = "1,2";
			};
			name = Debug;
		};
		F20000000000000000000006 /* Release */ = {
			isa = XCBuildConfiguration;
			buildSettings = {
				APPLICATION_EXTENSION_API_ONLY = YES;
				CODE_SIGN_ENTITLEMENTS = DolphinDeckWidget/DolphinDeckWidget.entitlements;
				CODE_SIGN_STYLE = Automatic;
				COPY_PHASE_STRIP = NO;
				CURRENT_PROJECT_VERSION = 6;
				DEVELOPMENT_TEAM = 4F86GMYRXN;
				GENERATE_INFOPLIST_FILE = NO;
				INFOPLIST_FILE = DolphinDeckWidget/Info.plist;
				IPHONEOS_DEPLOYMENT_TARGET = 17.0;
				LD_RUNPATH_SEARCH_PATHS = (
					"$(inherited)",
					"@executable_path/Frameworks",
					"@executable_path/../../Frameworks",
				);
				MARKETING_VERSION = 1.1.0;
				PRODUCT_BUNDLE_IDENTIFIER = de.lukasleipacher.DolphinDeck.Widget;
				PRODUCT_NAME = "$(TARGET_NAME)";
				SKIP_INSTALL = YES;
				SUPPORTED_PLATFORMS = "iphoneos iphonesimulator";
				SWIFT_EMIT_LOC_STRINGS = YES;
				SWIFT_VERSION = 6.0;
				TARGETED_DEVICE_FAMILY = "1,2";
			};
			name = Release;
		};
/* End XCBuildConfiguration section */

/* Begin XCConfigurationList section */
		F10000000000000000000001 /* Build configuration list for PBXProject "DolphinDeck" */ = {
			isa = XCConfigurationList;
			buildConfigurations = (
				F20000000000000000000001 /* Debug */,
				F20000000000000000000002 /* Release */,
			);
			defaultConfigurationIsVisible = 0;
			defaultConfigurationName = Release;
		};
		F10000000000000000000002 /* Build configuration list for PBXNativeTarget "DolphinDeck" */ = {
			isa = XCConfigurationList;
			buildConfigurations = (
				F20000000000000000000003 /* Debug */,
				F20000000000000000000004 /* Release */,
			);
			defaultConfigurationIsVisible = 0;
			defaultConfigurationName = Release;
		};
		F10000000000000000000003 /* Build configuration list for PBXNativeTarget "DolphinDeckWidget" */ = {
			isa = XCConfigurationList;
			buildConfigurations = (
				F20000000000000000000005 /* Debug */,
				F20000000000000000000006 /* Release */,
			);
			defaultConfigurationIsVisible = 0;
			defaultConfigurationName = Release;
		};
/* End XCConfigurationList section */

/* Begin XCLocalSwiftPackageReference section */
		G10000000000000000000001 /* XCLocalSwiftPackageReference "Packages/Peripheral" */ = {
			isa = XCLocalSwiftPackageReference;
			relativePath = Packages/Peripheral;
		};
/* End XCLocalSwiftPackageReference section */

/* Begin XCSwiftPackageProductDependency section */
		G10000000000000000000002 /* Peripheral */ = {
			isa = XCSwiftPackageProductDependency;
			package = G10000000000000000000001 /* XCLocalSwiftPackageReference "Packages/Peripheral" */;
			productName = Peripheral;
		};
/* End XCSwiftPackageProductDependency section */
	};
	rootObject = E10000000000000000000002 /* Project object */;
}
